// !$*UTF8*$!
{
	archiveVersion = 1;
	classes = {
	};
	objectVersion = 46;
	objects = {

/* Begin PBXBuildFile section */
		7F77C3291923F7290009B844 /* Foundation.framework in Frameworks */ = {isa = PBXBuildFile; fileRef = 7F77C3281923F7290009B844 /* Foundation.framework */; };
		7F77C32C1923F7290009B844 /* main.m in Sources */ = {isa = PBXBuildFile; fileRef = 7F77C32B1923F7290009B844 /* main.m */; };
		7F77C3301923F7290009B844 /* Assignment_1.1 in CopyFiles */ = {isa = PBXBuildFile; fileRef = 7F77C32F1923F7290009B844 /* Assignment_1.1 */; };
		7F77C3381923F76F0009B844 /* StockHolding.m in Sources */ = {isa = PBXBuildFile; fileRef = 7F77C3371923F76F0009B844 /* StockHolding.m */; };
		7F77C33B1923FE410009B844 /* ForeignStockHolding.m in Sources */ = {isa = PBXBuildFile; fileRef = 7F77C33A1923FE410009B844 /* ForeignStockHolding.m */; };
/* End PBXBuildFile section */

/* Begin PBXCopyFilesBuildPhase section */
		7F77C3231923F7290009B844 /* CopyFiles */ = {
			isa = PBXCopyFilesBuildPhase;
			buildActionMask = 2147483647;
			dstPath = /usr/share/man/man1/;
			dstSubfolderSpec = 0;
			files = (
				7F77C3301923F7290009B844 /* Assignment_1.1 in CopyFiles */,
			);
			runOnlyForDeploymentPostprocessing = 1;
		};
/* End PBXCopyFilesBuildPhase section */

/* Begin PBXFileReference section */
		7F77C3251923F7290009B844 /* Assignment_1 */ = {isa = PBXFileReference; explicitFileType = "compiled.mach-o.executable"; includeInIndex = 0; path = Assignment_1; sourceTree = BUILT_PRODUCTS_DIR; };
		7F77C3281923F7290009B844 /* Foundation.framework */ = {isa = PBXFileReference; lastKnownFileType = wrapper.framework; name = Foundation.framework; path = System/Library/Frameworks/Foundation.framework; sourceTree = SDKROOT; };
		7F77C32B1923F7290009B844 /* main.m */ = {isa = PBXFileReference; lastKnownFileType = sourcecode.c.objc; path = main.m; sourceTree = "<group>"; };
		7F77C32E1923F7290009B844 /* Assignment_1-Prefix.pch */ = {isa = PBXFileReference; lastKnownFileType = sourcecode.c.h; path = "Assignment_1-Prefix.pch"; sourceTree = "<group>"; };
		7F77C32F1923F7290009B844 /* Assignment_1.1 */ = {isa = PBXFileReference; lastKnownFileType = text.man; path = Assignment_1.1; sourceTree = "<group>"; };
		7F77C3361923F76F0009B844 /* StockHolding.h */ = {isa = PBXFileReference; fileEncoding = 4; lastKnownFileType = sourcecode.c.h; path = StockHolding.h; sourceTree = "<group>"; };
		7F77C3371923F76F0009B844 /* StockHolding.m */ = {isa = PBXFileReference; fileEncoding = 4; lastKnownFileType = sourcecode.c.objc; path = StockHolding.m; sourceTree = "<group>"; tabWidth = 6; usesTabs = 0; };
		7F77C3391923FE410009B844 /* ForeignStockHolding.h */ = {isa = PBXFileReference; fileEncoding = 4; lastKnownFileType = sourcecode.c.h; path = ForeignStockHolding.h; sourceTree = "<group>"; };
		7F77C33A1923FE410009B844 /* ForeignStockHolding.m */ = {isa = PBXFileReference; fileEncoding = 4; lastKnownFileType = sourcecode.c.objc; path = ForeignStockHolding.m; sourceTree = "<group>"; };
/* End PBXFileReference section */

/* Begin PBXFrameworksBuildPhase section */
		7F77C3221923F7290009B844 /* Frameworks */ = {
			isa = PBXFrameworksBuildPhase;
			buildActionMask = 2147483647;
			files = (
				7F77C3291923F7290009B844 /* Foundation.framework in Frameworks */,
			);
			runOnlyForDeploymentPostprocessing = 0;
		};
/* End PBXFrameworksBuildPhase section */

/* Begin PBXGroup section */
		7F77C31C1923F7290009B844 = {
			isa = PBXGroup;
			children = (
				7F77C32A1923F7290009B844 /* Assignment_1 */,
				7F77C3271923F7290009B844 /* Frameworks */,
				7F77C3261923F7290009B844 /* Products */,
			);
			sourceTree = "<group>";
		};
		7F77C3261923F7290009B844 /* Products */ = {
			isa = PBXGroup;
			children = (
				7F77C3251923F7290009B844 /* Assignment_1 */,
			);
			name = Products;
			sourceTree = "<group>";
		};
		7F77C3271923F7290009B844 /* Frameworks */ = {
			isa = PBXGroup;
			children = (
				7F77C3281923F7290009B844 /* Foundation.framework */,
			);
			name = Frameworks;
			sourceTree = "<group>";
		};
		7F77C32A1923F7290009B844 /* Assignment_1 */ = {
			isa = PBXGroup;
			children = (
				7F77C32B1923F7290009B844 /* main.m */,
				7F77C32F1923F7290009B844 /* Assignment_1.1 */,
				7F77C32D1923F7290009B844 /* Supporting Files */,
				7F77C3361923F76F0009B844 /* StockHolding.h */,
				7F77C3371923F76F0009B844 /* StockHolding.m */,
				7F77C3391923FE410009B844 /* ForeignStockHolding.h */,
				7F77C33A1923FE410009B844 /* ForeignStockHolding.m */,
			);
			path = Assignment_1;
			sourceTree = "<group>";
		};
		7F77C32D1923F7290009B844 /* Supporting Files */ = {
			isa = PBXGroup;
			children = (
				7F77C32E1923F7290009B844 /* Assignment_1-Prefix.pch */,
			);
			name = "Supporting Files";
			sourceTree = "<group>";
		};
/* End PBXGroup section */

/* Begin PBXNativeTarget section */
		7F77C3241923F7290009B844 /* Assignment_1 */ = {
			isa = PBXNativeTarget;
			buildConfigurationList = 7F77C3331923F7290009B844 /* Build configuration list for PBXNativeTarget "Assignment_1" */;
			buildPhases = (
				7F77C3211923F7290009B844 /* Sources */,
				7F77C3221923F7290009B844 /* Frameworks */,
				7F77C3231923F7290009B844 /* CopyFiles */,
			);
			buildRules = (
			);
			dependencies = (
			);
			name = Assignment_1;
			productName = Assignment_1;
			productReference = 7F77C3251923F7290009B844 /* Assignment_1 */;
			productType = "com.apple.product-type.tool";
		};
/* End PBXNativeTarget section */

/* Begin PBXProject section */
		7F77C31D1923F7290009B844 /* Project object */ = {
			isa = PBXProject;
			attributes = {
				LastUpgradeCheck = 0510;
				ORGANIZATIONNAME = Objective;
			};
			buildConfigurationList = 7F77C3201923F7290009B844 /* Build configuration list for PBXProject "Assignment_1" */;
			compatibilityVersion = "Xcode 3.2";
			developmentRegion = English;
			hasScannedForEncodings = 0;
			knownRegions = (
				en,
			);
			mainGroup = 7F77C31C1923F7290009B844;
			productRefGroup = 7F77C3261923F7290009B844 /* Products */;
			projectDirPath = "";
			projectRoot = "";
			targets = (
				7F77C3241923F7290009B844 /* Assignment_1 */,
			);
		};
/* End PBXProject section */

/* Begin PBXSourcesBuildPhase section */
		7F77C3211923F7290009B844 /* Sources */ = {
			isa = PBXSourcesBuildPhase;
			buildActionMask = 2147483647;
			files = (
				7F77C33B1923FE410009B844 /* ForeignStockHolding.m in Sources */,
				7F77C3381923F76F0009B844 /* StockHolding.m in Sources */,
				7F77C32C1923F7290009B844 /* main.m in Sources */,
			);
			runOnlyForDeploymentPostprocessing = 0;
		};
/* End PBXSourcesBuildPhase section */

/* Begin XCBuildConfiguration section */
		7F77C3311923F7290009B844 /* Debug */ = {
			isa = XCBuildConfiguration;
			buildSettings = {
				ALWAYS_SEARCH_USER_PATHS = NO;
				CLANG_CXX_LANGUAGE_STANDARD = "gnu++0x";
				CLANG_CXX_LIBRARY = "libc++";
				CLANG_ENABLE_MODULES = YES;
				CLANG_ENABLE_OBJC_ARC = YES;
				CLANG_WARN_BOOL_CONVERSION = YES;
				CLANG_WARN_CONSTANT_CONVERSION = YES;
				CLANG_WARN_DIRECT_OBJC_ISA_USAGE = YES_ERROR;
				CLANG_WARN_EMPTY_BODY = YES;
				CLANG_WARN_ENUM_CONVERSION = YES;
				CLANG_WARN_INT_CONVERSION = YES;
				CLANG_WARN_OBJC_ROOT_CLASS = YES_ERROR;
				CLANG_WARN__DUPLICATE_METHOD_MATCH = YES;
				COPY_PHASE_STRIP = NO;
				GCC_C_LANGUAGE_STANDARD = gnu99;
				GCC_DYNAMIC_NO_PIC = NO;
				GCC_ENABLE_OBJC_EXCEPTIONS = YES;
				GCC_OPTIMIZATION_LEVEL = 0;
				GCC_PREPROCESSOR_DEFINITIONS = (
					"DEBUG=1",
					"$(inherited)",
				);
				GCC_SYMBOLS_PRIVATE_EXTERN = NO;
				GCC_WARN_64_TO_32_BIT_CONVERSION = YES;
				GCC_WARN_ABOUT_RETURN_TYPE = YES_ERROR;
				GCC_WARN_UNDECLARED_SELECTOR = YES;
				GCC_WARN_UNINITIALIZED_AUTOS = YES_AGGRESSIVE;
				GCC_WARN_UNUSED_FUNCTION = YES;
				GCC_WARN_UNUSED_VARIABLE = YES;
				MACOSX_DEPLOYMENT_TARGET = 10.9;
				ONLY_ACTIVE_ARCH = YES;
				SDKROOT = macosx;
			};
			name = Debug;
		};
		7F77C3321923F7290009B844 /* Release */ = {
			isa = XCBuildConfiguration;
			buildSettings = {
				ALWAYS_SEARCH_USER_PATHS = NO;
				CLANG_CXX_LANGUAGE_STANDARD = "gnu++0x";
				CLANG_CXX_LIBRARY = "libc++";
				CLANG_ENABLE_MODULES = YES;
				CLANG_ENABLE_OBJC_ARC = YES;
				CLANG_WARN_BOOL_CONVERSION = YES;
				CLANG_WARN_CONSTANT_CONVERSION = YES;
				CLANG_WARN_DIRECT_OBJC_ISA_USAGE = YES_ERROR;
				CLANG_WARN_EMPTY_BODY = YES;
				CLANG_WARN_ENUM_CONVERSION = YES;
				CLANG_WARN_INT_CONVERSION = YES;
				CLANG_WARN_OBJC_ROOT_CLASS = YES_ERROR;
				CLANG_WARN__DUPLICATE_METHOD_MATCH = YES;
				COPY_PHASE_STRIP = YES;
				DEBUG_INFORMATION_FORMAT = "dwarf-with-dsym";
				ENABLE_NS_ASSERTIONS = NO;
				GCC_C_LANGUAGE_STANDARD = gnu99;
				GCC_ENABLE_OBJC_EXCEPTIONS = YES;
				GCC_WARN_64_TO_32_BIT_CONVERSION = YES;
				GCC_WARN_ABOUT_RETURN_TYPE = YES_ERROR;
				GCC_WARN_UNDECLARED_SELECTOR = YES;
				GCC_WARN_UNINITIALIZED_AUTOS = YES_AGGRESSIVE;
				GCC_WARN_UNUSED_FUNCTION = YES;
				GCC_WARN_UNUSED_VARIABLE = YES;
				MACOSX_DEPLOYMENT_TARGET = 10.9;
				SDKROOT = macosx;
			};
			name = Release;
		};
		7F77C3341923F7290009B844 /* Debug */ = {
			isa = XCBuildConfiguration;
			buildSettings = {
				GCC_PRECOMPILE_PREFIX_HEADER = YES;
				GCC_PREFIX_HEADER = "Assignment_1/Assignment_1-Prefix.pch";
				PRODUCT_NAME = "$(TARGET_NAME)";
			};
			name = Debug;
		};
		7F77C3351923F7290009B844 /* Release */ = {
			isa = XCBuildConfiguration;
			buildSettings = {
				GCC_PRECOMPILE_PREFIX_HEADER = YES;
				GCC_PREFIX_HEADER = "Assignment_1/Assignment_1-Prefix.pch";
				PRODUCT_NAME = "$(TARGET_NAME)";
			};
			name = Release;
		};
/* End XCBuildConfiguration section */

/* Begin XCConfigurationList section */
		7F77C3201923F7290009B844 /* Build configuration list for PBXProject "Assignment_1" */ = {
			isa = XCConfigurationList;
			buildConfigurations = (
				7F77C3311923F7290009B844 /* Debug */,
				7F77C3321923F7290009B844 /* Release */,
			);
			defaultConfigurationIsVisible = 0;
			defaultConfigurationName = Release;
		};
		7F77C3331923F7290009B844 /* Build configuration list for PBXNativeTarget "Assignment_1" */ = {
			isa = XCConfigurationList;
			buildConfigurations = (
				7F77C3341923F7290009B844 /* Debug */,
				7F77C3351923F7290009B844 /* Release */,
			);
			defaultConfigurationIsVisible = 0;
		};
/* End XCConfigurationList section */
	};
	rootObject = 7F77C31D1923F7290009B844 /* Project object */;
}
